
Microsoft Visual Studio Solution File, Format Version 12.00
# Visual Studio Version 16
VisualStudioVersion = 16.0.30517.126
MinimumVisualStudioVersion = 10.0.40219.1
Project("{FAE04EC0-301F-11D3-BF4B-00C04F79EFBC}") = "BooleanLogicalOperators", "BooleanLogicalOperators\BooleanLogicalOperators.csproj", "{F11614C0-33DA-4960-A42D-B455BB61382E}"
EndProject
Project("{FAE04EC0-301F-11D3-BF4B-00C04F79EFBC}") = "Login", "Login\Login.csproj", "{9711D5CF-0388-4EB6-9044-E01990B2C5C0}"
EndProject
Global
	GlobalSection(SolutionConfigurationPlatforms) = preSolution
		Debug|Any CPU = Debug|Any CPU
		Release|Any CPU = Release|Any CPU
	EndGlobalSection
	GlobalSection(ProjectConfigurationPlatforms) = postSolution
		{F11614C0-33DA-4960-A42D-B455BB61382E}.Debug|Any CPU.ActiveCfg = Debug|Any CPU
		{F11614C0-33DA-4960-A42D-B455BB61382E}.Debug|Any CPU.Build.0 = Debug|Any CPU
		{F11614C0-33DA-4960-A42D-B455BB61382E}.Release|Any CPU.ActiveCfg = Release|Any CPU
		{F11614C0-33DA-4960-A42D-B455BB61382E}.Release|Any CPU.Build.0 = Release|Any CPU
		{9711D5CF-0388-4EB6-9044-E01990B2C5C0}.Debug|Any CPU.ActiveCfg = Debug|Any CPU
		{9711D5CF-0388-4EB6-9044-E01990B2C5C0}.Debug|Any CPU.Build.0 = Debug|Any CPU
		{9711D5CF-0388-4EB6-9044-E01990B2C5C0}.Release|Any CPU.ActiveCfg = Release|Any CPU
		{9711D5CF-0388-4EB6-9044-E01990B2C5C0}.Release|Any CPU.Build.0 = Release|Any CPU
	EndGlobalSection
	GlobalSection(SolutionProperties) = preSolution
		HideSolutionNode = FALSE
	EndGlobalSection
	GlobalSection(ExtensibilityGlobals) = postSolution
		SolutionGuid = {8F7338E2-DA11-4485-B5EF-C2DAB9BED000}
	EndGlobalSection
EndGlobal
